// !$*UTF8*$!
{
	archiveVersion = 1;
	classes = {
	};
	objectVersion = 46;
	objects = {

/* Begin PBXBuildFile section */
		BBB2E2491EA5E4D200298FEA /* main.m in Sources */ = {isa = PBXBuildFile; fileRef = BBB2E2481EA5E4D200298FEA /* main.m */; };
		BBB2E2511EA5E55700298FEA /* Person.m in Sources */ = {isa = PBXBuildFile; fileRef = BBB2E2501EA5E55700298FEA /* Person.m */; };
/* End PBXBuildFile section */

/* Begin PBXCopyFilesBuildPhase section */
		BBB2E2431EA5E4D200298FEA /* CopyFiles */ = {
			isa = PBXCopyFilesBuildPhase;
			buildActionMask = 2147483647;
			dstPath = /usr/share/man/man1/;
			dstSubfolderSpec = 0;
			files = (
			);
			runOnlyForDeploymentPostprocessing = 1;
		};
/* End PBXCopyFilesBuildPhase section */

/* Begin PBXFileReference section */
		BBB2E2451EA5E4D200298FEA /* OC_STUDY_谓词 */ = {isa = PBXFileReference; explicitFileType = "compiled.mach-o.executable"; includeInIndex = 0; path = "OC_STUDY_谓词"; sourceTree = BUILT_PRODUCTS_DIR; };
		BBB2E2481EA5E4D200298FEA /* main.m */ = {isa = PBXFileReference; lastKnownFileType = sourcecode.c.objc; path = main.m; sourceTree = "<group>"; };
		BBB2E24F1EA5E55700298FEA /* Person.h */ = {isa = PBXFileReference; fileEncoding = 4; lastKnownFileType = sourcecode.c.h; path = Person.h; sourceTree = "<group>"; };
		BBB2E2501EA5E55700298FEA /* Person.m */ = {isa = PBXFileReference; fileEncoding = 4; lastKnownFileType = sourcecode.c.objc; path = Person.m; sourceTree = "<group>"; };
/* End PBXFileReference section */

/* Begin PBXFrameworksBuildPhase section */
		BBB2E2421EA5E4D200298FEA /* Frameworks */ = {
			isa = PBXFrameworksBuildPhase;
			buildActionMask = 2147483647;
			files = (
			);
			runOnlyForDeploymentPostprocessing = 0;
		};
/* End PBXFrameworksBuildPhase section */

/* Begin PBXGroup section */
		BBB2E23C1EA5E4D200298FEA = {
			isa = PBXGroup;
			children = (
				BBB2E2471EA5E4D200298FEA /* OC_STUDY_谓词 */,
				BBB2E2461EA5E4D200298FEA /* Products */,
			);
			sourceTree = "<group>";
		};
		BBB2E2461EA5E4D200298FEA /* Products */ = {
			isa = PBXGroup;
			children = (
				BBB2E2451EA5E4D200298FEA /* OC_STUDY_谓词 */,
			);
			name = Products;
			sourceTree = "<group>";
		};
		BBB2E2471EA5E4D200298FEA /* OC_STUDY_谓词 */ = {
			isa = PBXGroup;
			children = (
				BBB2E2481EA5E4D200298FEA /* main.m */,
				BBB2E24F1EA5E55700298FEA /* Person.h */,
				BBB2E2501EA5E55700298FEA /* Person.m */,
			);
			path = "OC_STUDY_谓词";
			sourceTree = "<group>";
		};
/* End PBXGroup section */

/* Begin PBXNativeTarget section */
		BBB2E2441EA5E4D200298FEA /* OC_STUDY_谓词 */ = {
			isa = PBXNativeTarget;
			buildConfigurationList = BBB2E24C1EA5E4D200298FEA /* Build configuration list for PBXNativeTarget "OC_STUDY_谓词" */;
			buildPhases = (
				BBB2E2411EA5E4D200298FEA /* Sources */,
				BBB2E2421EA5E4D200298FEA /* Frameworks */,
				BBB2E2431EA5E4D200298FEA /* CopyFiles */,
			);
			buildRules = (
			);
			dependencies = (
			);
			name = "OC_STUDY_谓词";
			productName = "OC_STUDY_谓词";
			productReference = BBB2E2451EA5E4D200298FEA /* OC_STUDY_谓词 */;
			productType = "com.apple.product-type.tool";
		};
/* End PBXNativeTarget section */

/* Begin PBXProject section */
		BBB2E23D1EA5E4D200298FEA /* Project object */ = {
			isa = PBXProject;
			attributes = {
				LastUpgradeCheck = 0820;
				ORGANIZATIONNAME = HYWLUO;
				TargetAttributes = {
					BBB2E2441EA5E4D200298FEA = {
						CreatedOnToolsVersion = 8.2.1;
						ProvisioningStyle = Automatic;
					};
				};
			};
			buildConfigurationList = BBB2E2401EA5E4D200298FEA /* Build configuration list for PBXProject "OC_STUDY_谓词" */;
			compatibilityVersion = "Xcode 3.2";
			developmentRegion = English;
			hasScannedForEncodings = 0;
			knownRegions = (
				en,
			);
			mainGroup = BBB2E23C1EA5E4D200298FEA;
			productRefGroup = BBB2E2461EA5E4D200298FEA /* Products */;
			projectDirPath = "";
			projectRoot = "";
			targets = (
				BBB2E2441EA5E4D200298FEA /* OC_STUDY_谓词 */,
			);
		};
/* End PBXProject section */

/* Begin PBXSourcesBuildPhase section */
		BBB2E2411EA5E4D200298FEA /* Sources */ = {
			isa = PBXSourcesBuildPhase;
			buildActionMask = 2147483647;
			files = (
				BBB2E2511EA5E55700298FEA /* Person.m in Sources */,
				BBB2E2491EA5E4D200298FEA /* main.m in Sources */,
			);
			runOnlyForDeploymentPostprocessing = 0;
		};
/* End PBXSourcesBuildPhase section */

/* Begin XCBuildConfiguration section */
		BBB2E24A1EA5E4D200298FEA /* Debug */ = {
			isa = XCBuildConfiguration;
			buildSettings = {
				ALWAYS_SEARCH_USER_PATHS = NO;
				CLANG_ANALYZER_NONNULL = YES;
				CLANG_CXX_LANGUAGE_STANDARD = "gnu++0x";
				CLANG_CXX_LIBRARY = "libc++";
				CLANG_ENABLE_MODULES = YES;
				CLANG_ENABLE_OBJC_ARC = YES;
				CLANG_WARN_BOOL_CONVERSION = YES;
				CLANG_WARN_CONSTANT_CONVERSION = YES;
				CLANG_WARN_DIRECT_OBJC_ISA_USAGE = YES_ERROR;
				CLANG_WARN_DOCUMENTATION_COMMENTS = YES;
				CLANG_WARN_EMPTY_BODY = YES;
				CLANG_WARN_ENUM_CONVERSION = YES;
				CLANG_WARN_INFINITE_RECURSION = YES;
				CLANG_WARN_INT_CONVERSION = YES;
				CLANG_WARN_OBJC_ROOT_CLASS = YES_ERROR;
				CLANG_WARN_SUSPICIOUS_MOVE = YES;
				CLANG_WARN_UNREACHABLE_CODE = YES;
				CLANG_WARN__DUPLICATE_METHOD_MATCH = YES;
				CODE_SIGN_IDENTITY = "-";
				COPY_PHASE_STRIP = NO;
				DEBUG_INFORMATION_FORMAT = dwarf;
				ENABLE_STRICT_OBJC_MSGSEND = YES;
				ENABLE_TESTABILITY = YES;
				GCC_C_LANGUAGE_STANDARD = gnu99;
				GCC_DYNAMIC_NO_PIC = NO;
				GCC_NO_COMMON_BLOCKS = YES;
				GCC_OPTIMIZATION_LEVEL = 0;
				GCC_PREPROCESSOR_DEFINITIONS = (
					"DEBUG=1",
					"$(inherited)",
				);
				GCC_WARN_64_TO_32_BIT_CONVERSION = YES;
				GCC_WARN_ABOUT_RETURN_TYPE = YES_ERROR;
				GCC_WARN_UNDECLARED_SELECTOR = YES;
				GCC_WARN_UNINITIALIZED_AUTOS = YES_AGGRESSIVE;
				GCC_WARN_UNUSED_FUNCTION = YES;
				GCC_WARN_UNUSED_VARIABLE = YES;
				MACOSX_DEPLOYMENT_TARGET = 10.11;
				MTL_ENABLE_DEBUG_INFO = YES;
				ONLY_ACTIVE_ARCH = YES;
				SDKROOT = macosx;
			};
			name = Debug;
		};
		BBB2E24B1EA5E4D200298FEA /* Release */ = {
			isa = XCBuildConfiguration;
			buildSettings = {
				ALWAYS_SEARCH_USER_PATHS = NO;
				CLANG_ANALYZER_NONNULL = YES;
				CLANG_CXX_LANGUAGE_STANDARD = "gnu++0x";
				CLANG_CXX_LIBRARY = "libc++";
				CLANG_ENABLE_MODULES = YES;
				CLANG_ENABLE_OBJC_ARC = YES;
				CLANG_WARN_BOOL_CONVERSION = YES;
				CLANG_WARN_CONSTANT_CONVERSION = YES;
				CLANG_WARN_DIRECT_OBJC_ISA_USAGE = YES_ERROR;
				CLANG_WARN_DOCUMENTATION_COMMENTS = YES;
				CLANG_WARN_EMPTY_BODY = YES;
				CLANG_WARN_ENUM_CONVERSION = YES;
				CLANG_WARN_INFINITE_RECURSION = YES;
				CLANG_WARN_INT_CONVERSION = YES;
				CLANG_WARN_OBJC_ROOT_CLASS = YES_ERROR;
				CLANG_WARN_SUSPICIOUS_MOVE = YES;
				CLANG_WARN_UNREACHABLE_CODE = YES;
				CLANG_WARN__DUPLICATE_METHOD_MATCH = YES;
				CODE_SIGN_IDENTITY = "-";
				COPY_PHASE_STRIP = NO;
				DEBUG_INFORMATION_FORMAT = "dwarf-with-dsym";
				ENABLE_NS_ASSERTIONS = NO;
				ENABLE_STRICT_OBJC_MSGSEND = YES;
				GCC_C_LANGUAGE_STANDARD = gnu99;
				GCC_NO_COMMON_BLOCKS = YES;
				GCC_WARN_64_TO_32_BIT_CONVERSION = YES;
				GCC_WARN_ABOUT_RETURN_TYPE = YES_ERROR;
				GCC_WARN_UNDECLARED_SELECTOR = YES;
				GCC_WARN_UNINITIALIZED_AUTOS = YES_AGGRESSIVE;
				GCC_WARN_UNUSED_FUNCTION = YES;
				GCC_WARN_UNUSED_VARIABLE = YES;
				MACOSX_DEPLOYMENT_TARGET = 10.11;
				MTL_ENABLE_DEBUG_INFO = NO;
				SDKROOT = macosx;
			};
			name = Release;
		};
		BBB2E24D1EA5E4D200298FEA /* Debug */ = {
			isa = XCBuildConfiguration;
			buildSettings = {
				PRODUCT_NAME = "$(TARGET_NAME)";
			};
			name = Debug;
		};
		BBB2E24E1EA5E4D200298FEA /* Release */ = {
			isa = XCBuildConfiguration;
			buildSettings = {
				PRODUCT_NAME = "$(TARGET_NAME)";
			};
			name = Release;
		};
/* End XCBuildConfiguration section */

/* Begin XCConfigurationList section */
		BBB2E2401EA5E4D200298FEA /* Build configuration list for PBXProject "OC_STUDY_谓词" */ = {
			isa = XCConfigurationList;
			buildConfigurations = (
				BBB2E24A1EA5E4D200298FEA /* Debug */,
				BBB2E24B1EA5E4D200298FEA /* Release */,
			);
			defaultConfigurationIsVisible = 0;
			defaultConfigurationName = Release;
		};
		BBB2E24C1EA5E4D200298FEA /* Build configuration list for PBXNativeTarget "OC_STUDY_谓词" */ = {
			isa = XCConfigurationList;
			buildConfigurations = (
				BBB2E24D1EA5E4D200298FEA /* Debug */,
				BBB2E24E1EA5E4D200298FEA /* Release */,
			);
			defaultConfigurationIsVisible = 0;
		};
/* End XCConfigurationList section */
	};
	rootObject = BBB2E23D1EA5E4D200298FEA /* Project object */;
}
